
Microsoft Visual Studio Solution File, Format Version 12.00
# Visual Studio Version 17
VisualStudioVersion = 17.3.32929.385
MinimumVisualStudioVersion = 10.0.40219.1
Project("{9A19103F-16F7-4668-BE54-9A1E7A4F7556}") = "MyTodoist", "MyTodoist\MyTodoist.csproj", "{6B8D03C5-520B-4AE0-A204-013D7286A225}"
EndProject
Project("{9A19103F-16F7-4668-BE54-9A1E7A4F7556}") = "MyClassLib", "MyClassLib\MyClassLib.csproj", "{D9079A03-EF30-482D-90D3-6712A774F163}"
EndProject
Project("{FAE04EC0-301F-11D3-BF4B-00C04F79EFBC}") = "MySerializer", "MySerializer\MySerializer.csproj", "{D7D33A37-8923-4C00-BEC0-5F3A159DDA2E}"
EndProject
Global
	GlobalSection(SolutionConfigurationPlatforms) = preSolution
		Debug|Any CPU = Debug|Any CPU
		Release|Any CPU = Release|Any CPU
	EndGlobalSection
	GlobalSection(ProjectConfigurationPlatforms) = postSolution
		{6B8D03C5-520B-4AE0-A204-013D7286A225}.Debug|Any CPU.ActiveCfg = Debug|Any CPU
		{6B8D03C5-520B-4AE0-A204-013D7286A225}.Debug|Any CPU.Build.0 = Debug|Any CPU
		{6B8D03C5-520B-4AE0-A204-013D7286A225}.Release|Any CPU.ActiveCfg = Release|Any CPU
		{6B8D03C5-520B-4AE0-A204-013D7286A225}.Release|Any CPU.Build.0 = Release|Any CPU
		{D9079A03-EF30-482D-90D3-6712A774F163}.Debug|Any CPU.ActiveCfg = Debug|Any CPU
		{D9079A03-EF30-482D-90D3-6712A774F163}.Debug|Any CPU.Build.0 = Debug|Any CPU
		{D9079A03-EF30-482D-90D3-6712A774F163}.Release|Any CPU.ActiveCfg = Release|Any CPU
		{D9079A03-EF30-482D-90D3-6712A774F163}.Release|Any CPU.Build.0 = Release|Any CPU
		{D7D33A37-8923-4C00-BEC0-5F3A159DDA2E}.Debug|Any CPU.ActiveCfg = Debug|Any CPU
		{D7D33A37-8923-4C00-BEC0-5F3A159DDA2E}.Debug|Any CPU.Build.0 = Debug|Any CPU
		{D7D33A37-8923-4C00-BEC0-5F3A159DDA2E}.Release|Any CPU.ActiveCfg = Release|Any CPU
		{D7D33A37-8923-4C00-BEC0-5F3A159DDA2E}.Release|Any CPU.Build.0 = Release|Any CPU
	EndGlobalSection
	GlobalSection(SolutionProperties) = preSolution
		HideSolutionNode = FALSE
	EndGlobalSection
	GlobalSection(ExtensibilityGlobals) = postSolution
		SolutionGuid = {27752E46-1191-4A5F-98D1-8B300C361483}
	EndGlobalSection
EndGlobal
